
Microsoft Visual Studio Solution File, Format Version 12.00
# Visual Studio Version 16
VisualStudioVersion = 16.0.32228.343
MinimumVisualStudioVersion = 10.0.40219.1
Project("{FAE04EC0-301F-11D3-BF4B-00C04F79EFBC}") = "Nivel3", "Nivel3\Nivel3.csproj", "{ABE5213D-003B-49DE-B4DD-2110E54AD432}"
EndProject
Global
	GlobalSection(SolutionConfigurationPlatforms) = preSolution
		Debug|Any CPU = Debug|Any CPU
		Release|Any CPU = Release|Any CPU
	EndGlobalSection
	GlobalSection(ProjectConfigurationPlatforms) = postSolution
		{ABE5213D-003B-49DE-B4DD-2110E54AD432}.Debug|Any CPU.ActiveCfg = Debug|Any CPU
		{ABE5213D-003B-49DE-B4DD-2110E54AD432}.Debug|Any CPU.Build.0 = Debug|Any CPU
		{ABE5213D-003B-49DE-B4DD-2110E54AD432}.Release|Any CPU.ActiveCfg = Release|Any CPU
		{ABE5213D-003B-49DE-B4DD-2110E54AD432}.Release|Any CPU.Build.0 = Release|Any CPU
	EndGlobalSection
	GlobalSection(SolutionProperties) = preSolution
		HideSolutionNode = FALSE
	EndGlobalSection
	GlobalSection(ExtensibilityGlobals) = postSolution
		SolutionGuid = {32497BE6-F827-4978-920A-8C15388CE912}
	EndGlobalSection
EndGlobal
